
Microsoft Visual Studio Solution File, Format Version 12.00
# Visual Studio 14
VisualStudioVersion = 14.0.25420.1
MinimumVisualStudioVersion = 10.0.40219.1
Project("{2150E333-8FDC-42A3-9474-1A3956D46DE8}") = "GettingStarted", "GettingStarted", "{FE3CF9E3-9313-4239-AA43-B0A65FBCC2F0}"
EndProject
Project("{FAE04EC0-301F-11D3-BF4B-00C04F79EFBC}") = "Publishing", "GettingStarted\Publishing\Publishing.csproj", "{4EF515AE-E803-4461-A7A6-7B7F6C73B6E9}"
EndProject
Project("{FAE04EC0-301F-11D3-BF4B-00C04F79EFBC}") = "Subscribing", "GettingStarted\Subscribing\Subscribing.csproj", "{80C0332C-2651-4810-B4D0-A5E10149DDCB}"
EndProject
Project("{2150E333-8FDC-42A3-9474-1A3956D46DE8}") = "Examples", "Examples", "{B252808C-2053-477A-A159-26F1E0A7928B}"
EndProject
Project("{D954291E-2A0B-460D-934E-DC6B0785DB48}") = "Client", "Examples\Client\Client.shproj", "{9238DB8E-05D6-42FB-8F30-6432334DBEE8}"
EndProject
Project("{D954291E-2A0B-460D-934E-DC6B0785DB48}") = "ControlClient", "Examples\ControlClient\ControlClient.shproj", "{1DA40391-8A52-4DA2-BECB-6A8B267B07AA}"
EndProject
Project("{FAE04EC0-301F-11D3-BF4B-00C04F79EFBC}") = "Runner", "Examples\Runner\Runner.csproj", "{87CB9EB3-0383-428C-8C6C-F95823D0FAB9}"
EndProject
Global
	GlobalSection(SharedMSBuildProjectFiles) = preSolution
		Examples\ControlClient\ControlClient.projitems*{1da40391-8a52-4da2-becb-6a8b267b07aa}*SharedItemsImports = 13
		Examples\Client\Client.projitems*{87cb9eb3-0383-428c-8c6c-f95823d0fab9}*SharedItemsImports = 4
		Examples\ControlClient\ControlClient.projitems*{87cb9eb3-0383-428c-8c6c-f95823d0fab9}*SharedItemsImports = 4
		Examples\Client\Client.projitems*{9238db8e-05d6-42fb-8f30-6432334dbee8}*SharedItemsImports = 13
	EndGlobalSection
	GlobalSection(SolutionConfigurationPlatforms) = preSolution
		Debug|Any CPU = Debug|Any CPU
		Release|Any CPU = Release|Any CPU
	EndGlobalSection
	GlobalSection(ProjectConfigurationPlatforms) = postSolution
		{4EF515AE-E803-4461-A7A6-7B7F6C73B6E9}.Debug|Any CPU.ActiveCfg = Debug|Any CPU
		{4EF515AE-E803-4461-A7A6-7B7F6C73B6E9}.Debug|Any CPU.Build.0 = Debug|Any CPU
		{4EF515AE-E803-4461-A7A6-7B7F6C73B6E9}.Release|Any CPU.ActiveCfg = Release|Any CPU
		{4EF515AE-E803-4461-A7A6-7B7F6C73B6E9}.Release|Any CPU.Build.0 = Release|Any CPU
		{80C0332C-2651-4810-B4D0-A5E10149DDCB}.Debug|Any CPU.ActiveCfg = Debug|Any CPU
		{80C0332C-2651-4810-B4D0-A5E10149DDCB}.Debug|Any CPU.Build.0 = Debug|Any CPU
		{80C0332C-2651-4810-B4D0-A5E10149DDCB}.Release|Any CPU.ActiveCfg = Release|Any CPU
		{80C0332C-2651-4810-B4D0-A5E10149DDCB}.Release|Any CPU.Build.0 = Release|Any CPU
		{87CB9EB3-0383-428C-8C6C-F95823D0FAB9}.Debug|Any CPU.ActiveCfg = Debug|Any CPU
		{87CB9EB3-0383-428C-8C6C-F95823D0FAB9}.Debug|Any CPU.Build.0 = Debug|Any CPU
		{87CB9EB3-0383-428C-8C6C-F95823D0FAB9}.Release|Any CPU.ActiveCfg = Release|Any CPU
		{87CB9EB3-0383-428C-8C6C-F95823D0FAB9}.Release|Any CPU.Build.0 = Release|Any CPU
	EndGlobalSection
	GlobalSection(SolutionProperties) = preSolution
		HideSolutionNode = FALSE
	EndGlobalSection
	GlobalSection(NestedProjects) = preSolution
		{4EF515AE-E803-4461-A7A6-7B7F6C73B6E9} = {FE3CF9E3-9313-4239-AA43-B0A65FBCC2F0}
		{80C0332C-2651-4810-B4D0-A5E10149DDCB} = {FE3CF9E3-9313-4239-AA43-B0A65FBCC2F0}
		{9238DB8E-05D6-42FB-8F30-6432334DBEE8} = {B252808C-2053-477A-A159-26F1E0A7928B}
		{1DA40391-8A52-4DA2-BECB-6A8B267B07AA} = {B252808C-2053-477A-A159-26F1E0A7928B}
		{87CB9EB3-0383-428C-8C6C-F95823D0FAB9} = {B252808C-2053-477A-A159-26F1E0A7928B}
	EndGlobalSection
EndGlobal
