
Microsoft Visual Studio Solution File, Format Version 12.00
# Visual Studio Version 17
VisualStudioVersion = 17.5.33530.505
MinimumVisualStudioVersion = 10.0.40219.1
Project("{2150E333-8FDC-42A3-9474-1A3956D46DE8}") = "Solution Items", "Solution Items", "{763F9EE6-7FFE-4C70-B60E-D43BC722DBAA}"
	ProjectSection(SolutionItems) = preProject
		..\..\README.md = ..\..\README.md
	EndProjectSection
EndProject
Project("{9A19103F-16F7-4668-BE54-9A1E7A4F7556}") = "sdk-examples", "examples\sdk-examples.csproj", "{CBF74249-5CA0-4D0D-90EE-587287C73A98}"
EndProject
Project("{2150E333-8FDC-42A3-9474-1A3956D46DE8}") = "Source", "Source", "{DBFCDCF9-51BB-4439-989F-E02002FE0C46}"
EndProject
Project("{2150E333-8FDC-42A3-9474-1A3956D46DE8}") = "Examples", "Examples", "{E40E1A3D-ABCA-4A38-B18C-A0B613AE31A8}"
EndProject
Global
	GlobalSection(SolutionConfigurationPlatforms) = preSolution
		Debug|Any CPU = Debug|Any CPU
		Release|Any CPU = Release|Any CPU
	EndGlobalSection
	GlobalSection(ProjectConfigurationPlatforms) = postSolution
		{CBF74249-5CA0-4D0D-90EE-587287C73A98}.Debug|Any CPU.ActiveCfg = Debug|Any CPU
		{CBF74249-5CA0-4D0D-90EE-587287C73A98}.Debug|Any CPU.Build.0 = Debug|Any CPU
		{CBF74249-5CA0-4D0D-90EE-587287C73A98}.Release|Any CPU.ActiveCfg = Release|Any CPU
		{CBF74249-5CA0-4D0D-90EE-587287C73A98}.Release|Any CPU.Build.0 = Release|Any CPU
	EndGlobalSection
	GlobalSection(SolutionProperties) = preSolution
		HideSolutionNode = FALSE
	EndGlobalSection
	GlobalSection(NestedProjects) = preSolution
		{CBF74249-5CA0-4D0D-90EE-587287C73A98} = {E40E1A3D-ABCA-4A38-B18C-A0B613AE31A8}
		{E40E1A3D-ABCA-4A38-B18C-A0B613AE31A8} = {DBFCDCF9-51BB-4439-989F-E02002FE0C46}
	EndGlobalSection
	GlobalSection(ExtensibilityGlobals) = postSolution
		SolutionGuid = {F1ADC674-176F-48A6-BF05-36E4DADDB58F}
	EndGlobalSection
EndGlobal
